
Microsoft Visual Studio Solution File, Format Version 11.00
# Visual Studio 2010
Project("{8BC9CEB8-8B4A-11D0-8D11-00A0C91BC942}") = "ceGame", "ceGame\ceGame.vcxproj", "{3EE86532-2116-45DF-9FF3-D61DCFBC276B}"
EndProject
Project("{8BC9CEB8-8B4A-11D0-8D11-00A0C91BC942}") = "ceLibrary", "ceLibrary\ceLibrary.vcxproj", "{F9CF62C1-4397-45DB-A1D5-826FF05197F2}"
EndProject
Project("{8BC9CEB8-8B4A-11D0-8D11-00A0C91BC942}") = "ceEngine", "ceEngine\ceEngine.vcxproj", "{A1A9884F-BAE8-49D3-9286-B46BAC94F69F}"
EndProject
Global
	GlobalSection(SolutionConfigurationPlatforms) = preSolution
		Debug|Win32 = Debug|Win32
		Release|Win32 = Release|Win32
	EndGlobalSection
	GlobalSection(ProjectConfigurationPlatforms) = postSolution
		{3EE86532-2116-45DF-9FF3-D61DCFBC276B}.Debug|Win32.ActiveCfg = Debug|Win32
		{3EE86532-2116-45DF-9FF3-D61DCFBC276B}.Debug|Win32.Build.0 = Debug|Win32
		{3EE86532-2116-45DF-9FF3-D61DCFBC276B}.Release|Win32.ActiveCfg = Release|Win32
		{3EE86532-2116-45DF-9FF3-D61DCFBC276B}.Release|Win32.Build.0 = Release|Win32
		{F9CF62C1-4397-45DB-A1D5-826FF05197F2}.Debug|Win32.ActiveCfg = Debug|Win32
		{F9CF62C1-4397-45DB-A1D5-826FF05197F2}.Debug|Win32.Build.0 = Debug|Win32
		{F9CF62C1-4397-45DB-A1D5-826FF05197F2}.Release|Win32.ActiveCfg = Release|Win32
		{F9CF62C1-4397-45DB-A1D5-826FF05197F2}.Release|Win32.Build.0 = Release|Win32
		{A1A9884F-BAE8-49D3-9286-B46BAC94F69F}.Debug|Win32.ActiveCfg = Debug|Win32
		{A1A9884F-BAE8-49D3-9286-B46BAC94F69F}.Debug|Win32.Build.0 = Debug|Win32
		{A1A9884F-BAE8-49D3-9286-B46BAC94F69F}.Release|Win32.ActiveCfg = Release|Win32
		{A1A9884F-BAE8-49D3-9286-B46BAC94F69F}.Release|Win32.Build.0 = Release|Win32
	EndGlobalSection
	GlobalSection(SolutionProperties) = preSolution
		HideSolutionNode = FALSE
	EndGlobalSection
EndGlobal
